
Microsoft Visual Studio Solution File, Format Version 12.00
# Visual Studio Version 17
VisualStudioVersion = 17.13.35931.197 d17.13
MinimumVisualStudioVersion = 10.0.40219.1
Project("{FAE04EC0-301F-11D3-BF4B-00C04F79EFBC}") = "WordUp", "WordUp.csproj", "{BFE8AF25-34F6-4AA5-89F5-4933A8FD0E69}"
EndProject
Global
	GlobalSection(SolutionConfigurationPlatforms) = preSolution
		Debug|Any CPU = Debug|Any CPU
		Release|Any CPU = Release|Any CPU
	EndGlobalSection
	GlobalSection(ProjectConfigurationPlatforms) = postSolution
		{BFE8AF25-34F6-4AA5-89F5-4933A8FD0E69}.Debug|Any CPU.ActiveCfg = Debug|Any CPU
		{BFE8AF25-34F6-4AA5-89F5-4933A8FD0E69}.Debug|Any CPU.Build.0 = Debug|Any CPU
		{BFE8AF25-34F6-4AA5-89F5-4933A8FD0E69}.Release|Any CPU.ActiveCfg = Release|Any CPU
		{BFE8AF25-34F6-4AA5-89F5-4933A8FD0E69}.Release|Any CPU.Build.0 = Release|Any CPU
	EndGlobalSection
	GlobalSection(SolutionProperties) = preSolution
		HideSolutionNode = FALSE
	EndGlobalSection
	GlobalSection(ExtensibilityGlobals) = postSolution
		SolutionGuid = {28BFF506-F309-4EB4-898C-926469D6499C}
	EndGlobalSection
EndGlobal
